<?xml version="1.0" encoding="utf-8"?>
<Project ToolsVersion="4.0" xmlns="http://schemas.microsoft.com/developer/msbuild/2003">
  <ItemGroup>
    <Filter Include="Source Files">
      <UniqueIdentifier>{4FC737F1-C7A5-4376-A066-2A32D752A2FF}</UniqueIdentifier>
      <Extensions>cpp;c;cc;cxx;c++;cppm;ixx;def;odl;idl;hpj;bat;asm;asmx</Extensions>
    </Filter>
    <Filter Include="Header Files">
      <UniqueIdentifier>{93995380-89BD-4b04-88EB-625FBE52EBFB}</UniqueIdentifier>
      <Extensions>h;hh;hpp;hxx;h++;hm;inl;inc;ipp;xsd</Extensions>
    </Filter>
    <Filter Include="Resource Files">
      <UniqueIdentifier>{67DA6AB6-F800-4c08-8B7A-83BB121AAD01}</UniqueIdentifier>
      <Extensions>rc;ico;cur;bmp;dlg;rc2;rct;bin;rgs;gif;jpg;jpeg;jpe;resx;tiff;tif;png;wav;mfcribbon-ms</Extensions>
    </Filter>
  </ItemGroup>
  <ItemGroup>
    <ClInclude Include="Engine\renderer\Renderer.h">
      <Filter>Header Files</Filter>
    </ClInclude>
    <ClInclude Include="Engine\audio\AudioSource.h">
      <Filter>Header Files</Filter>
    </ClInclude>
    <ClInclude Include="Engine\dllHeader.h">
      <Filter>Header Files</Filter>
    </ClInclude>
    <ClInclude Include="Engine\audio\AudioListener.h">
      <Filter>Header Files</Filter>
    </ClInclude>
    <ClInclude Include="Engine\math\Vector.h">
      <Filter>Header Files</Filter>
    </ClInclude>
    <ClInclude Include="Engine\math\Mathf.h">
      <Filter>Header Files</Filter>
    </ClInclude>
    <ClInclude Include="Engine\audio\AudioDevice.h">
      <Filter>Header Files</Filter>
    </ClInclude>
    <ClInclude Include="Engine\renderer\Model.h">
      <Filter>Header Files</Filter>
    </ClInclude>
    <ClInclude Include="Engine\renderer\stb_image.h">
      <Filter>Header Files</Filter>
    </ClInclude>
    <ClInclude Include="Engine\renderer\Texture.h">
      <Filter>Header Files</Filter>
    </ClInclude>
    <ClInclude Include="Engine\file\asset_packer.h">
      <Filter>Header Files</Filter>
    </ClInclude>
    <ClInclude Include="Engine\renderer\Camera.h">
      <Filter>Header Files</Filter>
    </ClInclude>
    <ClInclude Include="Engine\renderer\Light.h">
      <Filter>Header Files</Filter>
    </ClInclude>
    <ClInclude Include="Engine\renderer\Shader.h">
      <Filter>Header Files</Filter>
    </ClInclude>
    <ClInclude Include="Engine\scene\Entity.h">
      <Filter>Header Files</Filter>
    </ClInclude>
    <ClInclude Include="Engine\scene\Scene.h">
      <Filter>Header Files</Filter>
    </ClInclude>
    <ClInclude Include="Engine\renderer\Terrain.h">
      <Filter>Header Files</Filter>
    </ClInclude>
    <ClInclude Include="Engine\renderer\MaterialManager.h">
      <Filter>Header Files</Filter>
    </ClInclude>
    <ClInclude Include="Engine\asset\AssetManager.h">
      <Filter>Header Files</Filter>
    </ClInclude>
    <ClInclude Include="Engine\physics\aPhysicsSystem.h">
      <Filter>Header Files</Filter>
    </ClInclude>
    <ClInclude Include="Engine\physics\Rigidbody.h">
      <Filter>Header Files</Filter>
    </ClInclude>
    <ClInclude Include="Engine\scene\Components.h">
      <Filter>Header Files</Filter>
    </ClInclude>
    <ClInclude Include="Engine\core\Component.h">
      <Filter>Header Files</Filter>
    </ClInclude>
    <ClInclude Include="Engine\renderer\Cubemap.h">
      <Filter>Header Files</Filter>
    </ClInclude>
    <ClInclude Include="Engine\core\Input.h">
      <Filter>Header Files</Filter>
    </ClInclude>
  </ItemGroup>
  <ItemGroup>
    <ClCompile Include="Engine\renderer\Renderer.cpp">
      <Filter>Source Files</Filter>
    </ClCompile>
    <ClCompile Include="Engine\audio\AudioSource.cpp">
      <Filter>Source Files</Filter>
    </ClCompile>
    <ClCompile Include="Engine\audio\AudioListener.cpp">
      <Filter>Source Files</Filter>
    </ClCompile>
    <ClCompile Include="Engine\audio\AudioDevice.cpp">
      <Filter>Source Files</Filter>
    </ClCompile>
    <ClCompile Include="Engine\renderer\Model.cpp">
      <Filter>Source Files</Filter>
    </ClCompile>
    <ClCompile Include="Engine\renderer\Texture.cpp">
      <Filter>Source Files</Filter>
    </ClCompile>
    <ClCompile Include="Engine\file\asset_packer.cpp">
      <Filter>Source Files</Filter>
    </ClCompile>
    <ClCompile Include="Engine\renderer\Light.cpp">
      <Filter>Source Files</Filter>
    </ClCompile>
    <ClCompile Include="Engine\renderer\Shader.cpp">
      <Filter>Source Files</Filter>
    </ClCompile>
    <ClCompile Include="Engine\scene\Entity.cpp">
      <Filter>Source Files</Filter>
    </ClCompile>
    <ClCompile Include="Engine\scene\Scene.cpp">
      <Filter>Source Files</Filter>
    </ClCompile>
    <ClCompile Include="Engine\renderer\Terrain.cpp">
      <Filter>Source Files</Filter>
    </ClCompile>
    <ClCompile Include="Engine\renderer\MaterialManager.cpp">
      <Filter>Source Files</Filter>
    </ClCompile>
    <ClCompile Include="Engine\asset\AssetManager.cpp">
      <Filter>Source Files</Filter>
    </ClCompile>
    <ClCompile Include="Engine\physics\aPhysicsSystem.cpp">
      <Filter>Source Files</Filter>
    </ClCompile>
    <ClCompile Include="Engine\physics\Rigidbody.cpp">
      <Filter>Source Files</Filter>
    </ClCompile>
    <ClCompile Include="Engine\core\Component.cpp">
      <Filter>Source Files</Filter>
    </ClCompile>
    <ClCompile Include="Engine\renderer\Cubemap.cpp">
      <Filter>Source Files</Filter>
    </ClCompile>
    <ClCompile Include="Engine\core\Input.cpp">
      <Filter>Source Files</Filter>
    </ClCompile>
  </ItemGroup>
  <ItemGroup>
    <FxCompile Include="Engine\renderer\shaders\vertexShader.hlsl" />
    <FxCompile Include="Engine\renderer\shaders\pixelShader.hlsl" />
    <FxCompile Include="Engine\renderer\shaders\tessellationDomainShader.hlsl" />
    <FxCompile Include="Engine\renderer\shaders\tessellationHullShader.hlsl" />
    <FxCompile Include="Engine\renderer\shaders\tessellationVertexShader.hlsl" />
    <FxCompile Include="Engine\renderer\shaders\tessellationPixelShader.hlsl" />
    <FxCompile Include="Engine\renderer\shaders\PostProcessingVertexShader.hlsl" />
    <FxCompile Include="Engine\renderer\shaders\skyboxVertexShader.hlsl" />
    <FxCompile Include="Engine\renderer\shaders\skyboxPixelShader.hlsl" />
    <FxCompile Include="Engine\renderer\shaders\PPvertexShader.hlsl" />
    <FxCompile Include="Engine\renderer\shaders\PPpixelShader.hlsl" />
    <FxCompile Include="Engine\renderer\shaders\ShadowVertexShader.hlsl" />
    <FxCompile Include="Engine\renderer\shaders\Blur.hlsl" />
    <FxCompile Include="Engine\renderer\shaders\TerrainVS.hlsl" />
    <FxCompile Include="Engine\renderer\shaders\TerrainPS.hlsl" />
    <FxCompile Include="Engine\renderer\shaders\WaterVS.hlsl" />
    <FxCompile Include="Engine\renderer\shaders\BloomVS.hlsl" />
    <FxCompile Include="Engine\renderer\shaders\BloomPS.hlsl" />
    <FxCompile Include="Engine\renderer\shaders\ThresholdPS.hlsl" />
    <FxCompile Include="Engine\renderer\shaders\bDSample.hlsl" />
    <FxCompile Include="Engine\renderer\shaders\ShadowPixelShader.hlsl" />
    <FxCompile Include="Engine\renderer\shaders\skySphereVS.hlsl" />
    <FxCompile Include="Engine\renderer\shaders\skySpherePS.hlsl" />
    <FxCompile Include="Engine\renderer\shaders\OccPS.hlsl" />
    <FxCompile Include="Engine\renderer\shaders\GlassVS.hlsl" />
    <FxCompile Include="Engine\renderer\shaders\GlassPS.hlsl" />
  </ItemGroup>
  <ItemGroup>
    <None Include="Engine\renderer\shaders\Lighting.hlsli" />
    <None Include="Engine\renderer\shaders\PPIncludes.hlsli" />
  </ItemGroup>
</Project>